
Microsoft Visual Studio Solution File, Format Version 12.00
# Visual Studio Version 17
VisualStudioVersion = 17.14.36310.24 d17.14
MinimumVisualStudioVersion = 10.0.40219.1
Project("{FAE04EC0-301F-11D3-BF4B-00C04F79EFBC}") = "MIDTERM_E1_BSIT31E1_Villafuerte", "MIDTERM_E1_BSIT31E1_Villafuerte\MIDTERM_E1_BSIT31E1_Villafuerte.csproj", "{B950CE66-67A2-4542-99A0-03432E97949A}"
EndProject
Global
	GlobalSection(SolutionConfigurationPlatforms) = preSolution
		Debug|Any CPU = Debug|Any CPU
		Release|Any CPU = Release|Any CPU
	EndGlobalSection
	GlobalSection(ProjectConfigurationPlatforms) = postSolution
		{B950CE66-67A2-4542-99A0-03432E97949A}.Debug|Any CPU.ActiveCfg = Debug|Any CPU
		{B950CE66-67A2-4542-99A0-03432E97949A}.Debug|Any CPU.Build.0 = Debug|Any CPU
		{B950CE66-67A2-4542-99A0-03432E97949A}.Release|Any CPU.ActiveCfg = Release|Any CPU
		{B950CE66-67A2-4542-99A0-03432E97949A}.Release|Any CPU.Build.0 = Release|Any CPU
	EndGlobalSection
	GlobalSection(SolutionProperties) = preSolution
		HideSolutionNode = FALSE
	EndGlobalSection
	GlobalSection(ExtensibilityGlobals) = postSolution
		SolutionGuid = {88741064-5C10-4CDC-A08E-F969775BCE5F}
	EndGlobalSection
EndGlobal
